
Microsoft Visual Studio Solution File, Format Version 12.00
# Visual Studio Version 16
VisualStudioVersion = 16.0.30621.155
MinimumVisualStudioVersion = 10.0.40219.1
Project("{FAE04EC0-301F-11D3-BF4B-00C04F79EFBC}") = "ServerCodeRest_064_Marsa Sefta Lesmana", "ServerCodeRest_064_Marsa Sefta Lesmana\ServerCodeRest_064_Marsa Sefta Lesmana.csproj", "{FFB6914A-3654-49B8-AF85-A53D18E9E04C}"
EndProject
Global
	GlobalSection(SolutionConfigurationPlatforms) = preSolution
		Debug|Any CPU = Debug|Any CPU
		Release|Any CPU = Release|Any CPU
	EndGlobalSection
	GlobalSection(ProjectConfigurationPlatforms) = postSolution
		{FFB6914A-3654-49B8-AF85-A53D18E9E04C}.Debug|Any CPU.ActiveCfg = Debug|Any CPU
		{FFB6914A-3654-49B8-AF85-A53D18E9E04C}.Debug|Any CPU.Build.0 = Debug|Any CPU
		{FFB6914A-3654-49B8-AF85-A53D18E9E04C}.Release|Any CPU.ActiveCfg = Release|Any CPU
		{FFB6914A-3654-49B8-AF85-A53D18E9E04C}.Release|Any CPU.Build.0 = Release|Any CPU
	EndGlobalSection
	GlobalSection(SolutionProperties) = preSolution
		HideSolutionNode = FALSE
	EndGlobalSection
	GlobalSection(ExtensibilityGlobals) = postSolution
		SolutionGuid = {987F7E6C-3E27-480E-B7A6-C4AD9835B98F}
	EndGlobalSection
EndGlobal
